
Microsoft Visual Studio Solution File, Format Version 12.00
# Visual Studio Version 17
VisualStudioVersion = 17.0.31903.59
MinimumVisualStudioVersion = 10.0.40219.1
Project("{FAE04EC0-301F-11D3-BF4B-00C04F79EFBC}") = "HTMLHelperPagination", "HTMLHelperPagination\HTMLHelperPagination.csproj", "{AB93CAC4-40C2-4D50-9B24-B0EF0E2582D9}"
EndProject
Global
	GlobalSection(SolutionConfigurationPlatforms) = preSolution
		Debug|Any CPU = Debug|Any CPU
		Release|Any CPU = Release|Any CPU
	EndGlobalSection
	GlobalSection(ProjectConfigurationPlatforms) = postSolution
		{AB93CAC4-40C2-4D50-9B24-B0EF0E2582D9}.Debug|Any CPU.ActiveCfg = Debug|Any CPU
		{AB93CAC4-40C2-4D50-9B24-B0EF0E2582D9}.Debug|Any CPU.Build.0 = Debug|Any CPU
		{AB93CAC4-40C2-4D50-9B24-B0EF0E2582D9}.Release|Any CPU.ActiveCfg = Release|Any CPU
		{AB93CAC4-40C2-4D50-9B24-B0EF0E2582D9}.Release|Any CPU.Build.0 = Release|Any CPU
	EndGlobalSection
	GlobalSection(SolutionProperties) = preSolution
		HideSolutionNode = FALSE
	EndGlobalSection
	GlobalSection(ExtensibilityGlobals) = postSolution
		SolutionGuid = {0B657F92-4E5C-4D42-9DB7-AA48A0D5C6EC}
	EndGlobalSection
EndGlobal
