
Microsoft Visual Studio Solution File, Format Version 12.00
# Visual Studio Version 17
VisualStudioVersion = 17.0.31903.59
MinimumVisualStudioVersion = 10.0.40219.1
Project("{FAE04EC0-301F-11D3-BF4B-00C04F79EFBC}") = "OWINAuthenticationAPI2.0", "OWINAuthenticationAPI2.0\OWINAuthenticationAPI2.0.csproj", "{9C4714A7-FECD-456B-A747-5D40089461EB}"
EndProject
Global
	GlobalSection(SolutionConfigurationPlatforms) = preSolution
		Debug|Any CPU = Debug|Any CPU
		Release|Any CPU = Release|Any CPU
	EndGlobalSection
	GlobalSection(ProjectConfigurationPlatforms) = postSolution
		{9C4714A7-FECD-456B-A747-5D40089461EB}.Debug|Any CPU.ActiveCfg = Debug|Any CPU
		{9C4714A7-FECD-456B-A747-5D40089461EB}.Debug|Any CPU.Build.0 = Debug|Any CPU
		{9C4714A7-FECD-456B-A747-5D40089461EB}.Release|Any CPU.ActiveCfg = Release|Any CPU
		{9C4714A7-FECD-456B-A747-5D40089461EB}.Release|Any CPU.Build.0 = Release|Any CPU
	EndGlobalSection
	GlobalSection(SolutionProperties) = preSolution
		HideSolutionNode = FALSE
	EndGlobalSection
	GlobalSection(ExtensibilityGlobals) = postSolution
		SolutionGuid = {BD042D8F-0EDA-4D95-A31F-DAE4F073166D}
	EndGlobalSection
EndGlobal
