
Microsoft Visual Studio Solution File, Format Version 12.00
# Visual Studio Version 17
VisualStudioVersion = 17.0.31903.59
MinimumVisualStudioVersion = 10.0.40219.1
Project("{FAE04EC0-301F-11D3-BF4B-00C04F79EFBC}") = "OWINAuthDemo", "OWINAuthDemo\OWINAuthDemo.csproj", "{855E9F61-F230-4288-89B3-953122646330}"
EndProject
Global
	GlobalSection(SolutionConfigurationPlatforms) = preSolution
		Debug|Any CPU = Debug|Any CPU
		Release|Any CPU = Release|Any CPU
	EndGlobalSection
	GlobalSection(ProjectConfigurationPlatforms) = postSolution
		{855E9F61-F230-4288-89B3-953122646330}.Debug|Any CPU.ActiveCfg = Debug|Any CPU
		{855E9F61-F230-4288-89B3-953122646330}.Debug|Any CPU.Build.0 = Debug|Any CPU
		{855E9F61-F230-4288-89B3-953122646330}.Release|Any CPU.ActiveCfg = Release|Any CPU
		{855E9F61-F230-4288-89B3-953122646330}.Release|Any CPU.Build.0 = Release|Any CPU
	EndGlobalSection
	GlobalSection(SolutionProperties) = preSolution
		HideSolutionNode = FALSE
	EndGlobalSection
	GlobalSection(ExtensibilityGlobals) = postSolution
		SolutionGuid = {CEDF7DF5-F7FB-4D73-8DA3-AAD19E39EA6D}
	EndGlobalSection
EndGlobal
